{
  "lockfileVersion": 1,
  "configVersion": 1,
  "workspaces": {
    "": {
      "name": "@expo/code-review-cli",
      "dependencies": {
        "@opencode-ai/sdk": "^1.18.2",
        "opencode-ai": "^1.18.2",
        "zod": "^4.4.3",
      },
      "devDependencies": {
        "@types/node": "20.14.8",
        "rimraf": "3.0.2",
        "typescript": "5.5.4",
      },
    },
  },
  "packages": {
    "@opencode-ai/sdk": ["@opencode-ai/sdk@1.18.4", "", { "dependencies": { "cross-spawn": "7.0.6" } }, "sha512-p/3P0KtWknoLvpsk8QrUzCKd4Q1A5Z3RmACEvwuQBGxnUy4AGo379lUYMgt7fczFn53079oroLuo6BosQri+HA=="],

    "@types/node": ["@types/node@20.14.8", "", { "dependencies": { "undici-types": "~5.26.4" } }, "sha512-DO+2/jZinXfROG7j7WKFn/3C6nFwxy2lLpgLjEXJz+0XKphZlTLJ14mo8Vfg8X5BWN6XjyESXq+LcYdT7tR3bA=="],

    "balanced-match": ["balanced-match@1.0.2", "", {}, "sha512-3oSeUO0TMV67hN1AmbXsK4yaqU7tjiHlbxRDZOpH0KW9+CeX4bRAaX0Anxt0tx2MrpRpWwQaPwIlISEJhYU5Pw=="],

    "brace-expansion": ["brace-expansion@1.1.16", "", { "dependencies": { "balanced-match": "^1.0.0", "concat-map": "0.0.1" } }, "sha512-IDw48K2/2kRkg9LdJxurvq3lV3aBgq0REY89duEqFRthjlPdXHKMj7EnQOXVckxzgisinf3nHfrcE2FufFLXMw=="],

    "concat-map": ["concat-map@0.0.1", "", {}, "sha512-/Srv4dswyQNBfohGpz9o6Yb3Gz3SrUDqBH5rTuhGR7ahtlbYKnVxw2bCFMRljaA7EXHaXZ8wsHdodFvbkhKmqg=="],

    "cross-spawn": ["cross-spawn@7.0.6", "", { "dependencies": { "path-key": "^3.1.0", "shebang-command": "^2.0.0", "which": "^2.0.1" } }, "sha512-uV2QOWP2nWzsy2aMp8aRibhi9dlzF5Hgh5SHaB9OiTGEyDTiJJyx0uy51QXdyWbtAHNua4XJzUKca3OzKUd3vA=="],

    "fs.realpath": ["fs.realpath@1.0.0", "", {}, "sha512-OO0pH2lK6a0hZnAdau5ItzHPI6pUlvI7jMVnxUQRtw4owF2wk8lOSabtGDCTP4Ggrg2MbGnWO9X8K1t4+fGMDw=="],

    "glob": ["glob@7.2.3", "", { "dependencies": { "fs.realpath": "^1.0.0", "inflight": "^1.0.4", "inherits": "2", "minimatch": "^3.1.1", "once": "^1.3.0", "path-is-absolute": "^1.0.0" } }, "sha512-nFR0zLpU2YCaRxwoCJvL6UvCH2JFyFVIvwTLsIf21AuHlMskA1hhTdk+LlYJtOlYt9v6dvszD2BGRqBL+iQK9Q=="],

    "inflight": ["inflight@1.0.6", "", { "dependencies": { "once": "^1.3.0", "wrappy": "1" } }, "sha512-k92I/b08q4wvFscXCLvqfsHCrjrF7yiXsQuIVvVE7N82W3+aqpzuUdBbfhWcy/FZR3/4IgflMgKLOsvPDrGCJA=="],

    "inherits": ["inherits@2.0.4", "", {}, "sha512-k/vGaX4/Yla3WzyMCvTQOXYeIHvqOKtnqBduzTHpzpQZzAskKMhZ2K+EnBiSM9zGSoIFeMpXKxa4dYeZIQqewQ=="],

    "isexe": ["isexe@2.0.0", "", {}, "sha512-RHxMLp9lnKHGHRng9QFhRCMbYAcVpn69smSGcq3f36xjgVVWThj4qqLbTLlq7Ssj8B+fIQ1EuCEGI2lKsyQeIw=="],

    "minimatch": ["minimatch@3.1.5", "", { "dependencies": { "brace-expansion": "^1.1.7" } }, "sha512-VgjWUsnnT6n+NUk6eZq77zeFdpW2LWDzP6zFGrCbHXiYNul5Dzqk2HHQ5uFH2DNW5Xbp8+jVzaeNt94ssEEl4w=="],

    "once": ["once@1.4.0", "", { "dependencies": { "wrappy": "1" } }, "sha512-lNaJgI+2Q5URQBkccEKHTQOPaXdUxnZZElQTZY0MFUAuaEqe1E+Nyvgdz/aIyNi6Z9MzO5dv1H8n58/GELp3+w=="],

    "opencode-ai": ["opencode-ai@1.18.4", "", { "optionalDependencies": { "opencode-darwin-arm64": "1.18.4", "opencode-darwin-x64": "1.18.4", "opencode-darwin-x64-baseline": "1.18.4", "opencode-linux-arm64": "1.18.4", "opencode-linux-arm64-musl": "1.18.4", "opencode-linux-x64": "1.18.4", "opencode-linux-x64-baseline": "1.18.4", "opencode-linux-x64-baseline-musl": "1.18.4", "opencode-linux-x64-musl": "1.18.4", "opencode-windows-arm64": "1.18.4", "opencode-windows-x64": "1.18.4", "opencode-windows-x64-baseline": "1.18.4" }, "os": [ "linux", "win32", "darwin", ], "cpu": [ "x64", "arm64", ], "bin": { "opencode": "bin/opencode.exe" } }, "sha512-B8pFAs1g158ZU+C6eSiJz/5ZhG7Vr2mH7Z7ruYEHLElAlX9tehrRTnzTTgjSxHY2vwZ/5VplwR3odFU+Dai8jg=="],

    "opencode-darwin-arm64": ["opencode-darwin-arm64@1.18.4", "", { "os": "darwin", "cpu": "arm64" }, "sha512-/GdcUv3axBFYmpdCY3yMGRCBq3fwAJayflnn9stXtIHKuckc7ZaUYZmyudIUpmzkZP5W8XsAVMJomR4Rbr2+Ig=="],

    "opencode-darwin-x64": ["opencode-darwin-x64@1.18.4", "", { "os": "darwin", "cpu": "x64" }, "sha512-0i/AmdFw3CerwIggKqtaDlWDCBfSgzXT+KPSvks/Dx6l9NfYHihLnbV+vKbr0lwzco1lsDo4JHE4j/zz7JZUKQ=="],

    "opencode-darwin-x64-baseline": ["opencode-darwin-x64-baseline@1.18.4", "", { "os": "darwin", "cpu": "x64" }, "sha512-1v/keJ/m+3UplGU2XdP5YfK25rTlGi7Kf5BVSV/ICObk6PiJWBAWOrB8bAQWDLhN/Tn7UfogBAgxaiRRfLPuEA=="],

    "opencode-linux-arm64": ["opencode-linux-arm64@1.18.4", "", { "os": "linux", "cpu": "arm64" }, "sha512-3gBw9weE76jloNPGmPvzl3GJR8b6scwSAENxUKRdJ3WCkC7qcjJm49KFyfqFjO5++1H1Q2jbmqqxAgt5upqoMQ=="],

    "opencode-linux-arm64-musl": ["opencode-linux-arm64-musl@1.18.4", "", { "os": "linux", "cpu": "arm64" }, "sha512-kno1QJz+JoY1YqGlrxcwGKqOh2/OFKdQ4UGUCN5K2evQRIhd9EfB4JvZkjzLxTzglda8lpP+PJltjCA4DHJAJw=="],

    "opencode-linux-x64": ["opencode-linux-x64@1.18.4", "", { "os": "linux", "cpu": "x64" }, "sha512-mCiZuKQBqRHVhtp20YFDfNf5cUwTt6/I98MFJQDJdDTWggnkAVOnitQTmSt2cQwoPJ94VrRwDhZyY3pIY3+CQg=="],

    "opencode-linux-x64-baseline": ["opencode-linux-x64-baseline@1.18.4", "", { "os": "linux", "cpu": "x64" }, "sha512-LlVIv54gpM8I6QJVAoW5uvcaVO4z+y5DswfUCsxgaD0CWgjEbULaiAAZIS/L+N5rRw/jHeqcHSXiKinFZt0xww=="],

    "opencode-linux-x64-baseline-musl": ["opencode-linux-x64-baseline-musl@1.18.4", "", { "os": "linux", "cpu": "x64" }, "sha512-hM/uPMEuxLbwXueOmHsf3jjmfJ238/3r6FZMPumKVMR7jJHutp3ZWuOIL+ZzByxzsUK1f3RGbKaFULOMIieRSw=="],

    "opencode-linux-x64-musl": ["opencode-linux-x64-musl@1.18.4", "", { "os": "linux", "cpu": "x64" }, "sha512-AlojHLyv7Cgn2g5Rj5QeHckEWyA20qdbEla2d1R9mXSaqlP6sX7izNti8Tzr/vMG53Uwmppyjb37uFB2fK+YTQ=="],

    "opencode-windows-arm64": ["opencode-windows-arm64@1.18.4", "", { "os": "win32", "cpu": "arm64" }, "sha512-B6m7N7ZPj/E6xx1ZaSjNW0gHTd0b3NTSf9mQiN3W89zji3oH9VOHLQdrP10rAd/2uZ5ZttxSkRqj/iwgAW+3TQ=="],

    "opencode-windows-x64": ["opencode-windows-x64@1.18.4", "", { "os": "win32", "cpu": "x64" }, "sha512-TumOcMOvZ6vfs348LgGLK9eFEBLsh+wI/UXmQ8BhXW95YV1Wd26TutSzQi4L/wLftsDfl8Q6bKQ2trWtGBzBvQ=="],

    "opencode-windows-x64-baseline": ["opencode-windows-x64-baseline@1.18.4", "", { "os": "win32", "cpu": "x64" }, "sha512-4EpZ97uI50vVv9UT5sDeK3ff+sFzqmbBT4TNGkMF9uwNTKJYqoSVuOIZhIfLTLNlrEK2hd2/sf/4GQhIkM6iTw=="],

    "path-is-absolute": ["path-is-absolute@1.0.1", "", {}, "sha512-AVbw3UJ2e9bq64vSaS9Am0fje1Pa8pbGqTTsmXfaIiMpnr5DlDhfJOuLj9Sf95ZPVDAUerDfEk88MPmPe7UCQg=="],

    "path-key": ["path-key@3.1.1", "", {}, "sha512-ojmeN0qd+y0jszEtoY48r0Peq5dwMEkIlCOu6Q5f41lfkswXuKtYrhgoTpLnyIcHm24Uhqx+5Tqm2InSwLhE6Q=="],

    "rimraf": ["rimraf@3.0.2", "", { "dependencies": { "glob": "^7.1.3" }, "bin": { "rimraf": "bin.js" } }, "sha512-JZkJMZkAGFFPP2YqXZXPbMlMBgsxzE8ILs4lMIX/2o0L9UBw9O/Y3o6wFw/i9YLapcUJWwqbi3kdxIPdC62TIA=="],

    "shebang-command": ["shebang-command@2.0.0", "", { "dependencies": { "shebang-regex": "^3.0.0" } }, "sha512-kHxr2zZpYtdmrN1qDjrrX/Z1rR1kG8Dx+gkpK1G4eXmvXswmcE1hTWBWYUzlraYw1/yZp6YuDY77YtvbN0dmDA=="],

    "shebang-regex": ["shebang-regex@3.0.0", "", {}, "sha512-7++dFhtcx3353uBaq8DDR4NuxBetBzC7ZQOhmTQInHEd6bSrXdiEyzCvG07Z44UYdLShWUyXt5M/yhz8ekcb1A=="],

    "typescript": ["typescript@5.5.4", "", { "bin": { "tsc": "bin/tsc", "tsserver": "bin/tsserver" } }, "sha512-Mtq29sKDAEYP7aljRgtPOpTvOfbwRWlS6dPRzwjdE+C0R4brX/GUyhHSecbHMFLNBLcJIPt9nl9yG5TZ1weH+Q=="],

    "undici-types": ["undici-types@5.26.5", "", {}, "sha512-JlCMO+ehdEIKqlFxk6IfVoAUVmgz7cU7zD/h9XZ0qzeosSHmUJVOzSQvvYSYWXkFXC+IfLKSIffhv0sVZup6pA=="],

    "which": ["which@2.0.2", "", { "dependencies": { "isexe": "^2.0.0" }, "bin": { "node-which": "./bin/node-which" } }, "sha512-BLI3Tl1TW3Pvl70l3yq3Y64i+awpwXqsGBYWkkqMtnbXgrMD+yj7rhW0kuEDxzJaYXGjEW5ogapKNMEKNMjibA=="],

    "wrappy": ["wrappy@1.0.2", "", {}, "sha512-l4Sp/DRseor9wL6EvV2+TuQn63dMkPjZ/sp9XkghTEbV9KlPS1xUsZ3u7/IQO4wxtcFB4bgpQPRcR3QCvezPcQ=="],

    "zod": ["zod@4.4.3", "", {}, "sha512-ytENFjIJFl2UwYglde2jchW2Hwm4GJFLDiSXWdTrJQBIN9Fcyp7n4DhxJEiWNAJMV1/BqWfW/kkg71UDcHJyTQ=="],
  }
}
